
Microsoft Visual Studio Solution File, Format Version 12.00
# Visual Studio 15
VisualStudioVersion = 15.0.26124.0
MinimumVisualStudioVersion = 15.0.26124.0
Project("{2150E333-8FDC-42A3-9474-1A3956D46DE8}") = "lib", "lib", "{5A3FD394-8918-4B66-BD7D-92C19E8CDB1C}"
EndProject
Project("{FAE04EC0-301F-11D3-BF4B-00C04F79EFBC}") = "Muwesome.DomainModel", "lib\DomainModel\Muwesome.DomainModel.csproj", "{64382CF2-5537-4D46-8553-B823212BFC5E}"
EndProject
Project("{FAE04EC0-301F-11D3-BF4B-00C04F79EFBC}") = "Muwesome.GameLogic", "lib\GameLogic\Muwesome.GameLogic.csproj", "{ACFE4450-FEB8-4756-810A-36792314B6A0}"
EndProject
Project("{FAE04EC0-301F-11D3-BF4B-00C04F79EFBC}") = "Muwesome.Common", "lib\Common\Muwesome.Common.csproj", "{6BA25B83-553F-46C2-A328-9000E46636ED}"
EndProject
Project("{FAE04EC0-301F-11D3-BF4B-00C04F79EFBC}") = "Muwesome.Network", "lib\Network\Muwesome.Network.csproj", "{7832957D-7CC4-40C8-BBF6-A274C67C8BE8}"
EndProject
Project("{FAE04EC0-301F-11D3-BF4B-00C04F79EFBC}") = "Muwesome.Packet", "lib\Packet\Muwesome.Packet.csproj", "{E1D6076A-3F4C-40C2-BD79-F9471A0D8ED3}"
EndProject
Project("{2150E333-8FDC-42A3-9474-1A3956D46DE8}") = "Persistence", "Persistence", "{3F6A3931-57C2-4E73-8160-10F90D050553}"
EndProject
Project("{FAE04EC0-301F-11D3-BF4B-00C04F79EFBC}") = "Muwesome.Persistence.EntityFramework", "lib\Persistence\EntityFramework\Muwesome.Persistence.EntityFramework.csproj", "{78678541-22B5-4130-9AE3-622E6EBA430A}"
EndProject
Project("{FAE04EC0-301F-11D3-BF4B-00C04F79EFBC}") = "Muwesome.Persistence.Initialization", "lib\Persistence\Initialization\Muwesome.Persistence.Initialization.csproj", "{7B348957-1745-44B8-8F25-DAFD0F78532F}"
EndProject
Project("{FAE04EC0-301F-11D3-BF4B-00C04F79EFBC}") = "Muwesome.Persistence", "lib\Persistence\Muwesome.Persistence.csproj", "{1F99D912-7295-4430-ABC8-1804D4C175BD}"
EndProject
Project("{FAE04EC0-301F-11D3-BF4B-00C04F79EFBC}") = "Muwesome.Protocol", "lib\Protocol\Muwesome.Protocol.csproj", "{1FE418B1-6FD0-4A26-B55D-879E8CAC1B50}"
EndProject
Project("{FAE04EC0-301F-11D3-BF4B-00C04F79EFBC}") = "Muwesome.Rpc", "lib\Rpc\Muwesome.Rpc.csproj", "{53E4535A-14DA-45A1-B3E2-8B4274E18DCE}"
EndProject
Project("{2150E333-8FDC-42A3-9474-1A3956D46DE8}") = "src", "src", "{B2638EE9-155B-440A-8662-3D68C87A0A25}"
EndProject
Project("{FAE04EC0-301F-11D3-BF4B-00C04F79EFBC}") = "Muwesome.ConnectServer", "src\ConnectServer\Muwesome.ConnectServer.csproj", "{B804EBE8-9A28-4F7E-9087-C7F77F62B695}"
EndProject
Project("{2150E333-8FDC-42A3-9474-1A3956D46DE8}") = "ConnectServer", "ConnectServer", "{18B3CC14-2338-49E9-99F3-855AB7D345A9}"
EndProject
Project("{FAE04EC0-301F-11D3-BF4B-00C04F79EFBC}") = "Muwesome.ConnectServer.Program", "src\ConnectServer\Program\Muwesome.ConnectServer.Program.csproj", "{33F076B0-8BE9-46A8-82D2-C2B990694128}"
EndProject
Project("{FAE04EC0-301F-11D3-BF4B-00C04F79EFBC}") = "Muwesome.GameServer", "src\GameServer\Muwesome.GameServer.csproj", "{F7C5D12C-CF9F-4AE2-BD4D-C28500C12AD6}"
EndProject
Project("{FAE04EC0-301F-11D3-BF4B-00C04F79EFBC}") = "Muwesome.LoginServer", "src\LoginServer\Muwesome.LoginServer.csproj", "{8275F378-59E6-4D99-A8DB-BCB08304A3B4}"
EndProject
Project("{2150E333-8FDC-42A3-9474-1A3956D46DE8}") = "LoginServer", "LoginServer", "{CDF8EE41-62A3-43D7-9D22-A3E0B1585E79}"
EndProject
Project("{FAE04EC0-301F-11D3-BF4B-00C04F79EFBC}") = "Muwesome.LoginServer.Program", "src\LoginServer\Program\Muwesome.LoginServer.Program.csproj", "{58068F78-9B3A-495F-B6DA-EDE9D0A6FC38}"
EndProject
Project("{2150E333-8FDC-42A3-9474-1A3956D46DE8}") = "tests", "tests", "{B8B20FD4-97CA-4DC6-B82C-35C862CFBD13}"
EndProject
Project("{FAE04EC0-301F-11D3-BF4B-00C04F79EFBC}") = "Muwesome.Network.Tests", "tests\Network.Tests\Muwesome.Network.Tests.csproj", "{BBF00E4F-BCAB-4E3B-B62E-8B2E91ED8EDF}"
EndProject
Project("{FAE04EC0-301F-11D3-BF4B-00C04F79EFBC}") = "Muwesome.Packet.Tests", "tests\Packet.Tests\Muwesome.Packet.Tests.csproj", "{DEC804E3-6A03-41D9-8FD4-2A07EC216D2B}"
EndProject
Project("{FAE04EC0-301F-11D3-BF4B-00C04F79EFBC}") = "Muwesome.Persistence.Initialization.Tests", "tests\Persistence.Initialization.Tests\Muwesome.Persistence.Initialization.Tests.csproj", "{3EFDE134-902D-4EBE-881C-2F2EB20BE268}"
EndProject
Project("{FAE04EC0-301F-11D3-BF4B-00C04F79EFBC}") = "Muwesome.Protocol.Tests", "tests\Protocol.Tests\Muwesome.Protocol.Tests.csproj", "{BB6C9050-1218-4034-8968-F0D2168ED483}"
EndProject
Project("{2150E333-8FDC-42A3-9474-1A3956D46DE8}") = "GameServer", "GameServer", "{C80B1B2D-01D4-40E1-8F14-984393FB0F2C}"
EndProject
Project("{FAE04EC0-301F-11D3-BF4B-00C04F79EFBC}") = "Muwesome.GameServer.Program", "src\GameServer\Program\Muwesome.GameServer.Program.csproj", "{F36199F2-6A56-44A7-9141-A70DECF306A0}"
EndProject
Global
	GlobalSection(SolutionConfigurationPlatforms) = preSolution
		Debug|Any CPU = Debug|Any CPU
		Debug|x64 = Debug|x64
		Debug|x86 = Debug|x86
		Release|Any CPU = Release|Any CPU
		Release|x64 = Release|x64
		Release|x86 = Release|x86
	EndGlobalSection
	GlobalSection(SolutionProperties) = preSolution
		HideSolutionNode = FALSE
	EndGlobalSection
	GlobalSection(ProjectConfigurationPlatforms) = postSolution
		{64382CF2-5537-4D46-8553-B823212BFC5E}.Debug|Any CPU.ActiveCfg = Debug|Any CPU
		{64382CF2-5537-4D46-8553-B823212BFC5E}.Debug|Any CPU.Build.0 = Debug|Any CPU
		{64382CF2-5537-4D46-8553-B823212BFC5E}.Debug|x64.ActiveCfg = Debug|Any CPU
		{64382CF2-5537-4D46-8553-B823212BFC5E}.Debug|x64.Build.0 = Debug|Any CPU
		{64382CF2-5537-4D46-8553-B823212BFC5E}.Debug|x86.ActiveCfg = Debug|Any CPU
		{64382CF2-5537-4D46-8553-B823212BFC5E}.Debug|x86.Build.0 = Debug|Any CPU
		{64382CF2-5537-4D46-8553-B823212BFC5E}.Release|Any CPU.ActiveCfg = Release|Any CPU
		{64382CF2-5537-4D46-8553-B823212BFC5E}.Release|Any CPU.Build.0 = Release|Any CPU
		{64382CF2-5537-4D46-8553-B823212BFC5E}.Release|x64.ActiveCfg = Release|Any CPU
		{64382CF2-5537-4D46-8553-B823212BFC5E}.Release|x64.Build.0 = Release|Any CPU
		{64382CF2-5537-4D46-8553-B823212BFC5E}.Release|x86.ActiveCfg = Release|Any CPU
		{64382CF2-5537-4D46-8553-B823212BFC5E}.Release|x86.Build.0 = Release|Any CPU
		{ACFE4450-FEB8-4756-810A-36792314B6A0}.Debug|Any CPU.ActiveCfg = Debug|Any CPU
		{ACFE4450-FEB8-4756-810A-36792314B6A0}.Debug|Any CPU.Build.0 = Debug|Any CPU
		{ACFE4450-FEB8-4756-810A-36792314B6A0}.Debug|x64.ActiveCfg = Debug|Any CPU
		{ACFE4450-FEB8-4756-810A-36792314B6A0}.Debug|x64.Build.0 = Debug|Any CPU
		{ACFE4450-FEB8-4756-810A-36792314B6A0}.Debug|x86.ActiveCfg = Debug|Any CPU
		{ACFE4450-FEB8-4756-810A-36792314B6A0}.Debug|x86.Build.0 = Debug|Any CPU
		{ACFE4450-FEB8-4756-810A-36792314B6A0}.Release|Any CPU.ActiveCfg = Release|Any CPU
		{ACFE4450-FEB8-4756-810A-36792314B6A0}.Release|Any CPU.Build.0 = Release|Any CPU
		{ACFE4450-FEB8-4756-810A-36792314B6A0}.Release|x64.ActiveCfg = Release|Any CPU
		{ACFE4450-FEB8-4756-810A-36792314B6A0}.Release|x64.Build.0 = Release|Any CPU
		{ACFE4450-FEB8-4756-810A-36792314B6A0}.Release|x86.ActiveCfg = Release|Any CPU
		{ACFE4450-FEB8-4756-810A-36792314B6A0}.Release|x86.Build.0 = Release|Any CPU
		{6BA25B83-553F-46C2-A328-9000E46636ED}.Debug|Any CPU.ActiveCfg = Debug|Any CPU
		{6BA25B83-553F-46C2-A328-9000E46636ED}.Debug|Any CPU.Build.0 = Debug|Any CPU
		{6BA25B83-553F-46C2-A328-9000E46636ED}.Debug|x64.ActiveCfg = Debug|Any CPU
		{6BA25B83-553F-46C2-A328-9000E46636ED}.Debug|x64.Build.0 = Debug|Any CPU
		{6BA25B83-553F-46C2-A328-9000E46636ED}.Debug|x86.ActiveCfg = Debug|Any CPU
		{6BA25B83-553F-46C2-A328-9000E46636ED}.Debug|x86.Build.0 = Debug|Any CPU
		{6BA25B83-553F-46C2-A328-9000E46636ED}.Release|Any CPU.ActiveCfg = Release|Any CPU
		{6BA25B83-553F-46C2-A328-9000E46636ED}.Release|Any CPU.Build.0 = Release|Any CPU
		{6BA25B83-553F-46C2-A328-9000E46636ED}.Release|x64.ActiveCfg = Release|Any CPU
		{6BA25B83-553F-46C2-A328-9000E46636ED}.Release|x64.Build.0 = Release|Any CPU
		{6BA25B83-553F-46C2-A328-9000E46636ED}.Release|x86.ActiveCfg = Release|Any CPU
		{6BA25B83-553F-46C2-A328-9000E46636ED}.Release|x86.Build.0 = Release|Any CPU
		{7832957D-7CC4-40C8-BBF6-A274C67C8BE8}.Debug|Any CPU.ActiveCfg = Debug|Any CPU
		{7832957D-7CC4-40C8-BBF6-A274C67C8BE8}.Debug|Any CPU.Build.0 = Debug|Any CPU
		{7832957D-7CC4-40C8-BBF6-A274C67C8BE8}.Debug|x64.ActiveCfg = Debug|Any CPU
		{7832957D-7CC4-40C8-BBF6-A274C67C8BE8}.Debug|x64.Build.0 = Debug|Any CPU
		{7832957D-7CC4-40C8-BBF6-A274C67C8BE8}.Debug|x86.ActiveCfg = Debug|Any CPU
		{7832957D-7CC4-40C8-BBF6-A274C67C8BE8}.Debug|x86.Build.0 = Debug|Any CPU
		{7832957D-7CC4-40C8-BBF6-A274C67C8BE8}.Release|Any CPU.ActiveCfg = Release|Any CPU
		{7832957D-7CC4-40C8-BBF6-A274C67C8BE8}.Release|Any CPU.Build.0 = Release|Any CPU
		{7832957D-7CC4-40C8-BBF6-A274C67C8BE8}.Release|x64.ActiveCfg = Release|Any CPU
		{7832957D-7CC4-40C8-BBF6-A274C67C8BE8}.Release|x64.Build.0 = Release|Any CPU
		{7832957D-7CC4-40C8-BBF6-A274C67C8BE8}.Release|x86.ActiveCfg = Release|Any CPU
		{7832957D-7CC4-40C8-BBF6-A274C67C8BE8}.Release|x86.Build.0 = Release|Any CPU
		{E1D6076A-3F4C-40C2-BD79-F9471A0D8ED3}.Debug|Any CPU.ActiveCfg = Debug|Any CPU
		{E1D6076A-3F4C-40C2-BD79-F9471A0D8ED3}.Debug|Any CPU.Build.0 = Debug|Any CPU
		{E1D6076A-3F4C-40C2-BD79-F9471A0D8ED3}.Debug|x64.ActiveCfg = Debug|Any CPU
		{E1D6076A-3F4C-40C2-BD79-F9471A0D8ED3}.Debug|x64.Build.0 = Debug|Any CPU
		{E1D6076A-3F4C-40C2-BD79-F9471A0D8ED3}.Debug|x86.ActiveCfg = Debug|Any CPU
		{E1D6076A-3F4C-40C2-BD79-F9471A0D8ED3}.Debug|x86.Build.0 = Debug|Any CPU
		{E1D6076A-3F4C-40C2-BD79-F9471A0D8ED3}.Release|Any CPU.ActiveCfg = Release|Any CPU
		{E1D6076A-3F4C-40C2-BD79-F9471A0D8ED3}.Release|Any CPU.Build.0 = Release|Any CPU
		{E1D6076A-3F4C-40C2-BD79-F9471A0D8ED3}.Release|x64.ActiveCfg = Release|Any CPU
		{E1D6076A-3F4C-40C2-BD79-F9471A0D8ED3}.Release|x64.Build.0 = Release|Any CPU
		{E1D6076A-3F4C-40C2-BD79-F9471A0D8ED3}.Release|x86.ActiveCfg = Release|Any CPU
		{E1D6076A-3F4C-40C2-BD79-F9471A0D8ED3}.Release|x86.Build.0 = Release|Any CPU
		{78678541-22B5-4130-9AE3-622E6EBA430A}.Debug|Any CPU.ActiveCfg = Debug|Any CPU
		{78678541-22B5-4130-9AE3-622E6EBA430A}.Debug|Any CPU.Build.0 = Debug|Any CPU
		{78678541-22B5-4130-9AE3-622E6EBA430A}.Debug|x64.ActiveCfg = Debug|Any CPU
		{78678541-22B5-4130-9AE3-622E6EBA430A}.Debug|x64.Build.0 = Debug|Any CPU
		{78678541-22B5-4130-9AE3-622E6EBA430A}.Debug|x86.ActiveCfg = Debug|Any CPU
		{78678541-22B5-4130-9AE3-622E6EBA430A}.Debug|x86.Build.0 = Debug|Any CPU
		{78678541-22B5-4130-9AE3-622E6EBA430A}.Release|Any CPU.ActiveCfg = Release|Any CPU
		{78678541-22B5-4130-9AE3-622E6EBA430A}.Release|Any CPU.Build.0 = Release|Any CPU
		{78678541-22B5-4130-9AE3-622E6EBA430A}.Release|x64.ActiveCfg = Release|Any CPU
		{78678541-22B5-4130-9AE3-622E6EBA430A}.Release|x64.Build.0 = Release|Any CPU
		{78678541-22B5-4130-9AE3-622E6EBA430A}.Release|x86.ActiveCfg = Release|Any CPU
		{78678541-22B5-4130-9AE3-622E6EBA430A}.Release|x86.Build.0 = Release|Any CPU
		{7B348957-1745-44B8-8F25-DAFD0F78532F}.Debug|Any CPU.ActiveCfg = Debug|Any CPU
		{7B348957-1745-44B8-8F25-DAFD0F78532F}.Debug|Any CPU.Build.0 = Debug|Any CPU
		{7B348957-1745-44B8-8F25-DAFD0F78532F}.Debug|x64.ActiveCfg = Debug|Any CPU
		{7B348957-1745-44B8-8F25-DAFD0F78532F}.Debug|x64.Build.0 = Debug|Any CPU
		{7B348957-1745-44B8-8F25-DAFD0F78532F}.Debug|x86.ActiveCfg = Debug|Any CPU
		{7B348957-1745-44B8-8F25-DAFD0F78532F}.Debug|x86.Build.0 = Debug|Any CPU
		{7B348957-1745-44B8-8F25-DAFD0F78532F}.Release|Any CPU.ActiveCfg = Release|Any CPU
		{7B348957-1745-44B8-8F25-DAFD0F78532F}.Release|Any CPU.Build.0 = Release|Any CPU
		{7B348957-1745-44B8-8F25-DAFD0F78532F}.Release|x64.ActiveCfg = Release|Any CPU
		{7B348957-1745-44B8-8F25-DAFD0F78532F}.Release|x64.Build.0 = Release|Any CPU
		{7B348957-1745-44B8-8F25-DAFD0F78532F}.Release|x86.ActiveCfg = Release|Any CPU
		{7B348957-1745-44B8-8F25-DAFD0F78532F}.Release|x86.Build.0 = Release|Any CPU
		{1F99D912-7295-4430-ABC8-1804D4C175BD}.Debug|Any CPU.ActiveCfg = Debug|Any CPU
		{1F99D912-7295-4430-ABC8-1804D4C175BD}.Debug|Any CPU.Build.0 = Debug|Any CPU
		{1F99D912-7295-4430-ABC8-1804D4C175BD}.Debug|x64.ActiveCfg = Debug|Any CPU
		{1F99D912-7295-4430-ABC8-1804D4C175BD}.Debug|x64.Build.0 = Debug|Any CPU
		{1F99D912-7295-4430-ABC8-1804D4C175BD}.Debug|x86.ActiveCfg = Debug|Any CPU
		{1F99D912-7295-4430-ABC8-1804D4C175BD}.Debug|x86.Build.0 = Debug|Any CPU
		{1F99D912-7295-4430-ABC8-1804D4C175BD}.Release|Any CPU.ActiveCfg = Release|Any CPU
		{1F99D912-7295-4430-ABC8-1804D4C175BD}.Release|Any CPU.Build.0 = Release|Any CPU
		{1F99D912-7295-4430-ABC8-1804D4C175BD}.Release|x64.ActiveCfg = Release|Any CPU
		{1F99D912-7295-4430-ABC8-1804D4C175BD}.Release|x64.Build.0 = Release|Any CPU
		{1F99D912-7295-4430-ABC8-1804D4C175BD}.Release|x86.ActiveCfg = Release|Any CPU
		{1F99D912-7295-4430-ABC8-1804D4C175BD}.Release|x86.Build.0 = Release|Any CPU
		{1FE418B1-6FD0-4A26-B55D-879E8CAC1B50}.Debug|Any CPU.ActiveCfg = Debug|Any CPU
		{1FE418B1-6FD0-4A26-B55D-879E8CAC1B50}.Debug|Any CPU.Build.0 = Debug|Any CPU
		{1FE418B1-6FD0-4A26-B55D-879E8CAC1B50}.Debug|x64.ActiveCfg = Debug|Any CPU
		{1FE418B1-6FD0-4A26-B55D-879E8CAC1B50}.Debug|x64.Build.0 = Debug|Any CPU
		{1FE418B1-6FD0-4A26-B55D-879E8CAC1B50}.Debug|x86.ActiveCfg = Debug|Any CPU
		{1FE418B1-6FD0-4A26-B55D-879E8CAC1B50}.Debug|x86.Build.0 = Debug|Any CPU
		{1FE418B1-6FD0-4A26-B55D-879E8CAC1B50}.Release|Any CPU.ActiveCfg = Release|Any CPU
		{1FE418B1-6FD0-4A26-B55D-879E8CAC1B50}.Release|Any CPU.Build.0 = Release|Any CPU
		{1FE418B1-6FD0-4A26-B55D-879E8CAC1B50}.Release|x64.ActiveCfg = Release|Any CPU
		{1FE418B1-6FD0-4A26-B55D-879E8CAC1B50}.Release|x64.Build.0 = Release|Any CPU
		{1FE418B1-6FD0-4A26-B55D-879E8CAC1B50}.Release|x86.ActiveCfg = Release|Any CPU
		{1FE418B1-6FD0-4A26-B55D-879E8CAC1B50}.Release|x86.Build.0 = Release|Any CPU
		{53E4535A-14DA-45A1-B3E2-8B4274E18DCE}.Debug|Any CPU.ActiveCfg = Debug|Any CPU
		{53E4535A-14DA-45A1-B3E2-8B4274E18DCE}.Debug|Any CPU.Build.0 = Debug|Any CPU
		{53E4535A-14DA-45A1-B3E2-8B4274E18DCE}.Debug|x64.ActiveCfg = Debug|Any CPU
		{53E4535A-14DA-45A1-B3E2-8B4274E18DCE}.Debug|x64.Build.0 = Debug|Any CPU
		{53E4535A-14DA-45A1-B3E2-8B4274E18DCE}.Debug|x86.ActiveCfg = Debug|Any CPU
		{53E4535A-14DA-45A1-B3E2-8B4274E18DCE}.Debug|x86.Build.0 = Debug|Any CPU
		{53E4535A-14DA-45A1-B3E2-8B4274E18DCE}.Release|Any CPU.ActiveCfg = Release|Any CPU
		{53E4535A-14DA-45A1-B3E2-8B4274E18DCE}.Release|Any CPU.Build.0 = Release|Any CPU
		{53E4535A-14DA-45A1-B3E2-8B4274E18DCE}.Release|x64.ActiveCfg = Release|Any CPU
		{53E4535A-14DA-45A1-B3E2-8B4274E18DCE}.Release|x64.Build.0 = Release|Any CPU
		{53E4535A-14DA-45A1-B3E2-8B4274E18DCE}.Release|x86.ActiveCfg = Release|Any CPU
		{53E4535A-14DA-45A1-B3E2-8B4274E18DCE}.Release|x86.Build.0 = Release|Any CPU
		{B804EBE8-9A28-4F7E-9087-C7F77F62B695}.Debug|Any CPU.ActiveCfg = Debug|Any CPU
		{B804EBE8-9A28-4F7E-9087-C7F77F62B695}.Debug|Any CPU.Build.0 = Debug|Any CPU
		{B804EBE8-9A28-4F7E-9087-C7F77F62B695}.Debug|x64.ActiveCfg = Debug|Any CPU
		{B804EBE8-9A28-4F7E-9087-C7F77F62B695}.Debug|x64.Build.0 = Debug|Any CPU
		{B804EBE8-9A28-4F7E-9087-C7F77F62B695}.Debug|x86.ActiveCfg = Debug|Any CPU
		{B804EBE8-9A28-4F7E-9087-C7F77F62B695}.Debug|x86.Build.0 = Debug|Any CPU
		{B804EBE8-9A28-4F7E-9087-C7F77F62B695}.Release|Any CPU.ActiveCfg = Release|Any CPU
		{B804EBE8-9A28-4F7E-9087-C7F77F62B695}.Release|Any CPU.Build.0 = Release|Any CPU
		{B804EBE8-9A28-4F7E-9087-C7F77F62B695}.Release|x64.ActiveCfg = Release|Any CPU
		{B804EBE8-9A28-4F7E-9087-C7F77F62B695}.Release|x64.Build.0 = Release|Any CPU
		{B804EBE8-9A28-4F7E-9087-C7F77F62B695}.Release|x86.ActiveCfg = Release|Any CPU
		{B804EBE8-9A28-4F7E-9087-C7F77F62B695}.Release|x86.Build.0 = Release|Any CPU
		{33F076B0-8BE9-46A8-82D2-C2B990694128}.Debug|Any CPU.ActiveCfg = Debug|Any CPU
		{33F076B0-8BE9-46A8-82D2-C2B990694128}.Debug|Any CPU.Build.0 = Debug|Any CPU
		{33F076B0-8BE9-46A8-82D2-C2B990694128}.Debug|x64.ActiveCfg = Debug|Any CPU
		{33F076B0-8BE9-46A8-82D2-C2B990694128}.Debug|x64.Build.0 = Debug|Any CPU
		{33F076B0-8BE9-46A8-82D2-C2B990694128}.Debug|x86.ActiveCfg = Debug|Any CPU
		{33F076B0-8BE9-46A8-82D2-C2B990694128}.Debug|x86.Build.0 = Debug|Any CPU
		{33F076B0-8BE9-46A8-82D2-C2B990694128}.Release|Any CPU.ActiveCfg = Release|Any CPU
		{33F076B0-8BE9-46A8-82D2-C2B990694128}.Release|Any CPU.Build.0 = Release|Any CPU
		{33F076B0-8BE9-46A8-82D2-C2B990694128}.Release|x64.ActiveCfg = Release|Any CPU
		{33F076B0-8BE9-46A8-82D2-C2B990694128}.Release|x64.Build.0 = Release|Any CPU
		{33F076B0-8BE9-46A8-82D2-C2B990694128}.Release|x86.ActiveCfg = Release|Any CPU
		{33F076B0-8BE9-46A8-82D2-C2B990694128}.Release|x86.Build.0 = Release|Any CPU
		{F7C5D12C-CF9F-4AE2-BD4D-C28500C12AD6}.Debug|Any CPU.ActiveCfg = Debug|Any CPU
		{F7C5D12C-CF9F-4AE2-BD4D-C28500C12AD6}.Debug|Any CPU.Build.0 = Debug|Any CPU
		{F7C5D12C-CF9F-4AE2-BD4D-C28500C12AD6}.Debug|x64.ActiveCfg = Debug|Any CPU
		{F7C5D12C-CF9F-4AE2-BD4D-C28500C12AD6}.Debug|x64.Build.0 = Debug|Any CPU
		{F7C5D12C-CF9F-4AE2-BD4D-C28500C12AD6}.Debug|x86.ActiveCfg = Debug|Any CPU
		{F7C5D12C-CF9F-4AE2-BD4D-C28500C12AD6}.Debug|x86.Build.0 = Debug|Any CPU
		{F7C5D12C-CF9F-4AE2-BD4D-C28500C12AD6}.Release|Any CPU.ActiveCfg = Release|Any CPU
		{F7C5D12C-CF9F-4AE2-BD4D-C28500C12AD6}.Release|Any CPU.Build.0 = Release|Any CPU
		{F7C5D12C-CF9F-4AE2-BD4D-C28500C12AD6}.Release|x64.ActiveCfg = Release|Any CPU
		{F7C5D12C-CF9F-4AE2-BD4D-C28500C12AD6}.Release|x64.Build.0 = Release|Any CPU
		{F7C5D12C-CF9F-4AE2-BD4D-C28500C12AD6}.Release|x86.ActiveCfg = Release|Any CPU
		{F7C5D12C-CF9F-4AE2-BD4D-C28500C12AD6}.Release|x86.Build.0 = Release|Any CPU
		{8275F378-59E6-4D99-A8DB-BCB08304A3B4}.Debug|Any CPU.ActiveCfg = Debug|Any CPU
		{8275F378-59E6-4D99-A8DB-BCB08304A3B4}.Debug|Any CPU.Build.0 = Debug|Any CPU
		{8275F378-59E6-4D99-A8DB-BCB08304A3B4}.Debug|x64.ActiveCfg = Debug|Any CPU
		{8275F378-59E6-4D99-A8DB-BCB08304A3B4}.Debug|x64.Build.0 = Debug|Any CPU
		{8275F378-59E6-4D99-A8DB-BCB08304A3B4}.Debug|x86.ActiveCfg = Debug|Any CPU
		{8275F378-59E6-4D99-A8DB-BCB08304A3B4}.Debug|x86.Build.0 = Debug|Any CPU
		{8275F378-59E6-4D99-A8DB-BCB08304A3B4}.Release|Any CPU.ActiveCfg = Release|Any CPU
		{8275F378-59E6-4D99-A8DB-BCB08304A3B4}.Release|Any CPU.Build.0 = Release|Any CPU
		{8275F378-59E6-4D99-A8DB-BCB08304A3B4}.Release|x64.ActiveCfg = Release|Any CPU
		{8275F378-59E6-4D99-A8DB-BCB08304A3B4}.Release|x64.Build.0 = Release|Any CPU
		{8275F378-59E6-4D99-A8DB-BCB08304A3B4}.Release|x86.ActiveCfg = Release|Any CPU
		{8275F378-59E6-4D99-A8DB-BCB08304A3B4}.Release|x86.Build.0 = Release|Any CPU
		{58068F78-9B3A-495F-B6DA-EDE9D0A6FC38}.Debug|Any CPU.ActiveCfg = Debug|Any CPU
		{58068F78-9B3A-495F-B6DA-EDE9D0A6FC38}.Debug|Any CPU.Build.0 = Debug|Any CPU
		{58068F78-9B3A-495F-B6DA-EDE9D0A6FC38}.Debug|x64.ActiveCfg = Debug|Any CPU
		{58068F78-9B3A-495F-B6DA-EDE9D0A6FC38}.Debug|x64.Build.0 = Debug|Any CPU
		{58068F78-9B3A-495F-B6DA-EDE9D0A6FC38}.Debug|x86.ActiveCfg = Debug|Any CPU
		{58068F78-9B3A-495F-B6DA-EDE9D0A6FC38}.Debug|x86.Build.0 = Debug|Any CPU
		{58068F78-9B3A-495F-B6DA-EDE9D0A6FC38}.Release|Any CPU.ActiveCfg = Release|Any CPU
		{58068F78-9B3A-495F-B6DA-EDE9D0A6FC38}.Release|Any CPU.Build.0 = Release|Any CPU
		{58068F78-9B3A-495F-B6DA-EDE9D0A6FC38}.Release|x64.ActiveCfg = Release|Any CPU
		{58068F78-9B3A-495F-B6DA-EDE9D0A6FC38}.Release|x64.Build.0 = Release|Any CPU
		{58068F78-9B3A-495F-B6DA-EDE9D0A6FC38}.Release|x86.ActiveCfg = Release|Any CPU
		{58068F78-9B3A-495F-B6DA-EDE9D0A6FC38}.Release|x86.Build.0 = Release|Any CPU
		{BBF00E4F-BCAB-4E3B-B62E-8B2E91ED8EDF}.Debug|Any CPU.ActiveCfg = Debug|Any CPU
		{BBF00E4F-BCAB-4E3B-B62E-8B2E91ED8EDF}.Debug|Any CPU.Build.0 = Debug|Any CPU
		{BBF00E4F-BCAB-4E3B-B62E-8B2E91ED8EDF}.Debug|x64.ActiveCfg = Debug|Any CPU
		{BBF00E4F-BCAB-4E3B-B62E-8B2E91ED8EDF}.Debug|x64.Build.0 = Debug|Any CPU
		{BBF00E4F-BCAB-4E3B-B62E-8B2E91ED8EDF}.Debug|x86.ActiveCfg = Debug|Any CPU
		{BBF00E4F-BCAB-4E3B-B62E-8B2E91ED8EDF}.Debug|x86.Build.0 = Debug|Any CPU
		{BBF00E4F-BCAB-4E3B-B62E-8B2E91ED8EDF}.Release|Any CPU.ActiveCfg = Release|Any CPU
		{BBF00E4F-BCAB-4E3B-B62E-8B2E91ED8EDF}.Release|Any CPU.Build.0 = Release|Any CPU
		{BBF00E4F-BCAB-4E3B-B62E-8B2E91ED8EDF}.Release|x64.ActiveCfg = Release|Any CPU
		{BBF00E4F-BCAB-4E3B-B62E-8B2E91ED8EDF}.Release|x64.Build.0 = Release|Any CPU
		{BBF00E4F-BCAB-4E3B-B62E-8B2E91ED8EDF}.Release|x86.ActiveCfg = Release|Any CPU
		{BBF00E4F-BCAB-4E3B-B62E-8B2E91ED8EDF}.Release|x86.Build.0 = Release|Any CPU
		{DEC804E3-6A03-41D9-8FD4-2A07EC216D2B}.Debug|Any CPU.ActiveCfg = Debug|Any CPU
		{DEC804E3-6A03-41D9-8FD4-2A07EC216D2B}.Debug|Any CPU.Build.0 = Debug|Any CPU
		{DEC804E3-6A03-41D9-8FD4-2A07EC216D2B}.Debug|x64.ActiveCfg = Debug|Any CPU
		{DEC804E3-6A03-41D9-8FD4-2A07EC216D2B}.Debug|x64.Build.0 = Debug|Any CPU
		{DEC804E3-6A03-41D9-8FD4-2A07EC216D2B}.Debug|x86.ActiveCfg = Debug|Any CPU
		{DEC804E3-6A03-41D9-8FD4-2A07EC216D2B}.Debug|x86.Build.0 = Debug|Any CPU
		{DEC804E3-6A03-41D9-8FD4-2A07EC216D2B}.Release|Any CPU.ActiveCfg = Release|Any CPU
		{DEC804E3-6A03-41D9-8FD4-2A07EC216D2B}.Release|Any CPU.Build.0 = Release|Any CPU
		{DEC804E3-6A03-41D9-8FD4-2A07EC216D2B}.Release|x64.ActiveCfg = Release|Any CPU
		{DEC804E3-6A03-41D9-8FD4-2A07EC216D2B}.Release|x64.Build.0 = Release|Any CPU
		{DEC804E3-6A03-41D9-8FD4-2A07EC216D2B}.Release|x86.ActiveCfg = Release|Any CPU
		{DEC804E3-6A03-41D9-8FD4-2A07EC216D2B}.Release|x86.Build.0 = Release|Any CPU
		{3EFDE134-902D-4EBE-881C-2F2EB20BE268}.Debug|Any CPU.ActiveCfg = Debug|Any CPU
		{3EFDE134-902D-4EBE-881C-2F2EB20BE268}.Debug|Any CPU.Build.0 = Debug|Any CPU
		{3EFDE134-902D-4EBE-881C-2F2EB20BE268}.Debug|x64.ActiveCfg = Debug|Any CPU
		{3EFDE134-902D-4EBE-881C-2F2EB20BE268}.Debug|x64.Build.0 = Debug|Any CPU
		{3EFDE134-902D-4EBE-881C-2F2EB20BE268}.Debug|x86.ActiveCfg = Debug|Any CPU
		{3EFDE134-902D-4EBE-881C-2F2EB20BE268}.Debug|x86.Build.0 = Debug|Any CPU
		{3EFDE134-902D-4EBE-881C-2F2EB20BE268}.Release|Any CPU.ActiveCfg = Release|Any CPU
		{3EFDE134-902D-4EBE-881C-2F2EB20BE268}.Release|Any CPU.Build.0 = Release|Any CPU
		{3EFDE134-902D-4EBE-881C-2F2EB20BE268}.Release|x64.ActiveCfg = Release|Any CPU
		{3EFDE134-902D-4EBE-881C-2F2EB20BE268}.Release|x64.Build.0 = Release|Any CPU
		{3EFDE134-902D-4EBE-881C-2F2EB20BE268}.Release|x86.ActiveCfg = Release|Any CPU
		{3EFDE134-902D-4EBE-881C-2F2EB20BE268}.Release|x86.Build.0 = Release|Any CPU
		{BB6C9050-1218-4034-8968-F0D2168ED483}.Debug|Any CPU.ActiveCfg = Debug|Any CPU
		{BB6C9050-1218-4034-8968-F0D2168ED483}.Debug|Any CPU.Build.0 = Debug|Any CPU
		{BB6C9050-1218-4034-8968-F0D2168ED483}.Debug|x64.ActiveCfg = Debug|Any CPU
		{BB6C9050-1218-4034-8968-F0D2168ED483}.Debug|x64.Build.0 = Debug|Any CPU
		{BB6C9050-1218-4034-8968-F0D2168ED483}.Debug|x86.ActiveCfg = Debug|Any CPU
		{BB6C9050-1218-4034-8968-F0D2168ED483}.Debug|x86.Build.0 = Debug|Any CPU
		{BB6C9050-1218-4034-8968-F0D2168ED483}.Release|Any CPU.ActiveCfg = Release|Any CPU
		{BB6C9050-1218-4034-8968-F0D2168ED483}.Release|Any CPU.Build.0 = Release|Any CPU
		{BB6C9050-1218-4034-8968-F0D2168ED483}.Release|x64.ActiveCfg = Release|Any CPU
		{BB6C9050-1218-4034-8968-F0D2168ED483}.Release|x64.Build.0 = Release|Any CPU
		{BB6C9050-1218-4034-8968-F0D2168ED483}.Release|x86.ActiveCfg = Release|Any CPU
		{BB6C9050-1218-4034-8968-F0D2168ED483}.Release|x86.Build.0 = Release|Any CPU
		{F36199F2-6A56-44A7-9141-A70DECF306A0}.Debug|Any CPU.ActiveCfg = Debug|Any CPU
		{F36199F2-6A56-44A7-9141-A70DECF306A0}.Debug|Any CPU.Build.0 = Debug|Any CPU
		{F36199F2-6A56-44A7-9141-A70DECF306A0}.Debug|x64.ActiveCfg = Debug|Any CPU
		{F36199F2-6A56-44A7-9141-A70DECF306A0}.Debug|x64.Build.0 = Debug|Any CPU
		{F36199F2-6A56-44A7-9141-A70DECF306A0}.Debug|x86.ActiveCfg = Debug|Any CPU
		{F36199F2-6A56-44A7-9141-A70DECF306A0}.Debug|x86.Build.0 = Debug|Any CPU
		{F36199F2-6A56-44A7-9141-A70DECF306A0}.Release|Any CPU.ActiveCfg = Release|Any CPU
		{F36199F2-6A56-44A7-9141-A70DECF306A0}.Release|Any CPU.Build.0 = Release|Any CPU
		{F36199F2-6A56-44A7-9141-A70DECF306A0}.Release|x64.ActiveCfg = Release|Any CPU
		{F36199F2-6A56-44A7-9141-A70DECF306A0}.Release|x64.Build.0 = Release|Any CPU
		{F36199F2-6A56-44A7-9141-A70DECF306A0}.Release|x86.ActiveCfg = Release|Any CPU
		{F36199F2-6A56-44A7-9141-A70DECF306A0}.Release|x86.Build.0 = Release|Any CPU
	EndGlobalSection
	GlobalSection(NestedProjects) = preSolution
		{64382CF2-5537-4D46-8553-B823212BFC5E} = {5A3FD394-8918-4B66-BD7D-92C19E8CDB1C}
		{ACFE4450-FEB8-4756-810A-36792314B6A0} = {5A3FD394-8918-4B66-BD7D-92C19E8CDB1C}
		{6BA25B83-553F-46C2-A328-9000E46636ED} = {5A3FD394-8918-4B66-BD7D-92C19E8CDB1C}
		{7832957D-7CC4-40C8-BBF6-A274C67C8BE8} = {5A3FD394-8918-4B66-BD7D-92C19E8CDB1C}
		{E1D6076A-3F4C-40C2-BD79-F9471A0D8ED3} = {5A3FD394-8918-4B66-BD7D-92C19E8CDB1C}
		{3F6A3931-57C2-4E73-8160-10F90D050553} = {5A3FD394-8918-4B66-BD7D-92C19E8CDB1C}
		{78678541-22B5-4130-9AE3-622E6EBA430A} = {3F6A3931-57C2-4E73-8160-10F90D050553}
		{7B348957-1745-44B8-8F25-DAFD0F78532F} = {3F6A3931-57C2-4E73-8160-10F90D050553}
		{1F99D912-7295-4430-ABC8-1804D4C175BD} = {5A3FD394-8918-4B66-BD7D-92C19E8CDB1C}
		{1FE418B1-6FD0-4A26-B55D-879E8CAC1B50} = {5A3FD394-8918-4B66-BD7D-92C19E8CDB1C}
		{53E4535A-14DA-45A1-B3E2-8B4274E18DCE} = {5A3FD394-8918-4B66-BD7D-92C19E8CDB1C}
		{B804EBE8-9A28-4F7E-9087-C7F77F62B695} = {B2638EE9-155B-440A-8662-3D68C87A0A25}
		{18B3CC14-2338-49E9-99F3-855AB7D345A9} = {B2638EE9-155B-440A-8662-3D68C87A0A25}
		{33F076B0-8BE9-46A8-82D2-C2B990694128} = {18B3CC14-2338-49E9-99F3-855AB7D345A9}
		{F7C5D12C-CF9F-4AE2-BD4D-C28500C12AD6} = {B2638EE9-155B-440A-8662-3D68C87A0A25}
		{8275F378-59E6-4D99-A8DB-BCB08304A3B4} = {B2638EE9-155B-440A-8662-3D68C87A0A25}
		{CDF8EE41-62A3-43D7-9D22-A3E0B1585E79} = {B2638EE9-155B-440A-8662-3D68C87A0A25}
		{58068F78-9B3A-495F-B6DA-EDE9D0A6FC38} = {CDF8EE41-62A3-43D7-9D22-A3E0B1585E79}
		{BBF00E4F-BCAB-4E3B-B62E-8B2E91ED8EDF} = {B8B20FD4-97CA-4DC6-B82C-35C862CFBD13}
		{DEC804E3-6A03-41D9-8FD4-2A07EC216D2B} = {B8B20FD4-97CA-4DC6-B82C-35C862CFBD13}
		{3EFDE134-902D-4EBE-881C-2F2EB20BE268} = {B8B20FD4-97CA-4DC6-B82C-35C862CFBD13}
		{BB6C9050-1218-4034-8968-F0D2168ED483} = {B8B20FD4-97CA-4DC6-B82C-35C862CFBD13}
		{C80B1B2D-01D4-40E1-8F14-984393FB0F2C} = {B2638EE9-155B-440A-8662-3D68C87A0A25}
		{F36199F2-6A56-44A7-9141-A70DECF306A0} = {C80B1B2D-01D4-40E1-8F14-984393FB0F2C}
	EndGlobalSection
EndGlobal
